
Microsoft Visual Studio Solution File, Format Version 12.00
# Visual Studio Version 17
VisualStudioVersion = 17.5.33516.290
MinimumVisualStudioVersion = 10.0.40219.1
Project("{888888A0-9F3D-457C-B088-3A5042F75D52}") = "Бейглз (Проект №1)", "Бейглз (Проект №1)\Бейглз (Проект №1).pyproj", "{E79BAB04-1526-4F24-B75E-AF35760A8819}"
EndProject
Global
	GlobalSection(SolutionConfigurationPlatforms) = preSolution
		Debug|Any CPU = Debug|Any CPU
		Release|Any CPU = Release|Any CPU
	EndGlobalSection
	GlobalSection(ProjectConfigurationPlatforms) = postSolution
		{E79BAB04-1526-4F24-B75E-AF35760A8819}.Debug|Any CPU.ActiveCfg = Debug|Any CPU
		{E79BAB04-1526-4F24-B75E-AF35760A8819}.Release|Any CPU.ActiveCfg = Release|Any CPU
	EndGlobalSection
	GlobalSection(SolutionProperties) = preSolution
		HideSolutionNode = FALSE
	EndGlobalSection
	GlobalSection(ExtensibilityGlobals) = postSolution
		SolutionGuid = {603101AD-D09E-41FB-A3C8-F7CB606DE0B9}
	EndGlobalSection
EndGlobal
